
Microsoft Visual Studio Solution File, Format Version 12.00
# Visual Studio Version 17
VisualStudioVersion = 17.14.36623.8 d17.14
MinimumVisualStudioVersion = 10.0.40219.1
Project("{FAE04EC0-301F-11D3-BF4B-00C04F79EFBC}") = "main", "main\main.csproj", "{3EF663C4-8E3B-4819-9F2C-7BE106B05951}"
EndProject
Global
	GlobalSection(SolutionConfigurationPlatforms) = preSolution
		Debug|Any CPU = Debug|Any CPU
		Release|Any CPU = Release|Any CPU
	EndGlobalSection
	GlobalSection(ProjectConfigurationPlatforms) = postSolution
		{3EF663C4-8E3B-4819-9F2C-7BE106B05951}.Debug|Any CPU.ActiveCfg = Debug|Any CPU
		{3EF663C4-8E3B-4819-9F2C-7BE106B05951}.Debug|Any CPU.Build.0 = Debug|Any CPU
		{3EF663C4-8E3B-4819-9F2C-7BE106B05951}.Release|Any CPU.ActiveCfg = Release|Any CPU
		{3EF663C4-8E3B-4819-9F2C-7BE106B05951}.Release|Any CPU.Build.0 = Release|Any CPU
	EndGlobalSection
	GlobalSection(SolutionProperties) = preSolution
		HideSolutionNode = FALSE
	EndGlobalSection
	GlobalSection(ExtensibilityGlobals) = postSolution
		SolutionGuid = {4D2E67DA-E5F2-451C-8883-36B54EB77489}
	EndGlobalSection
EndGlobal
